Microsoft Visual Studio Solution File, Format Version 12.00
# Visual Studio Version 17
VisualStudioVersion = 17.0.31903.59
MinimumVisualStudioVersion = 10.0.40219.1
Project("{FAE04EC0-301F-11D3-BF4B-00C04F79EFBC}") = "SmartX.Shared", "src\SmartX.Shared\SmartX.Shared.csproj", "{8D67761F-ACCC-4D22-8D40-7F3A04E3E343}"
EndProject
Project("{FAE04EC0-301F-11D3-BF4B-00C04F79EFBC}") = "SmartX.Api", "src\SmartX.Api\SmartX.Api.csproj", "{5524448B-B1AC-4C8D-B2CB-D3CF64809349}"
EndProject
Project("{FAE04EC0-301F-11D3-BF4B-00C04F79EFBC}") = "SmartX.WinForms", "src\SmartX.WinForms\SmartX.WinForms.csproj", "{D30EBD9A-3B6D-4218-9A79-F8DBA9427749}"
EndProject
Global
	GlobalSection(SolutionConfigurationPlatforms) = preSolution
		Debug|Any CPU = Debug|Any CPU
		Release|Any CPU = Release|Any CPU
	EndGlobalSection
	GlobalSection(ProjectConfigurationPlatforms) = postSolution
		{8D67761F-ACCC-4D22-8D40-7F3A04E3E343}.Debug|Any CPU.ActiveCfg = Debug|Any CPU
		{8D67761F-ACCC-4D22-8D40-7F3A04E3E343}.Debug|Any CPU.Build.0 = Debug|Any CPU
		{8D67761F-ACCC-4D22-8D40-7F3A04E3E343}.Release|Any CPU.ActiveCfg = Release|Any CPU
		{8D67761F-ACCC-4D22-8D40-7F3A04E3E343}.Release|Any CPU.Build.0 = Release|Any CPU
		{5524448B-B1AC-4C8D-B2CB-D3CF64809349}.Debug|Any CPU.ActiveCfg = Debug|Any CPU
		{5524448B-B1AC-4C8D-B2CB-D3CF64809349}.Debug|Any CPU.Build.0 = Debug|Any CPU
		{5524448B-B1AC-4C8D-B2CB-D3CF64809349}.Release|Any CPU.ActiveCfg = Release|Any CPU
		{5524448B-B1AC-4C8D-B2CB-D3CF64809349}.Release|Any CPU.Build.0 = Release|Any CPU
		{D30EBD9A-3B6D-4218-9A79-F8DBA9427749}.Debug|Any CPU.ActiveCfg = Debug|Any CPU
		{D30EBD9A-3B6D-4218-9A79-F8DBA9427749}.Debug|Any CPU.Build.0 = Debug|Any CPU
		{D30EBD9A-3B6D-4218-9A79-F8DBA9427749}.Release|Any CPU.ActiveCfg = Release|Any CPU
		{D30EBD9A-3B6D-4218-9A79-F8DBA9427749}.Release|Any CPU.Build.0 = Release|Any CPU
	EndGlobalSection
EndGlobal
